
Microsoft Visual Studio Solution File, Format Version 12.00
# Visual Studio Version 17
VisualStudioVersion = 17.7.34003.232
MinimumVisualStudioVersion = 10.0.40219.1
Project("{9A19103F-16F7-4668-BE54-9A1E7A4F7556}") = "Blog", "Blog\Blog.csproj", "{88D7099F-09CE-4EDE-A862-BE5B5F98C894}"
EndProject
Project("{FAE04EC0-301F-11D3-BF4B-00C04F79EFBC}") = "BlogWebApi", "BlogWebApi\BlogWebApi.csproj", "{FC1DB78D-46DA-4CB3-A2A6-EA08D3DBBB98}"
EndProject
Global
	GlobalSection(SolutionConfigurationPlatforms) = preSolution
		Debug|Any CPU = Debug|Any CPU
		Release|Any CPU = Release|Any CPU
	EndGlobalSection
	GlobalSection(ProjectConfigurationPlatforms) = postSolution
		{88D7099F-09CE-4EDE-A862-BE5B5F98C894}.Debug|Any CPU.ActiveCfg = Debug|Any CPU
		{88D7099F-09CE-4EDE-A862-BE5B5F98C894}.Debug|Any CPU.Build.0 = Debug|Any CPU
		{88D7099F-09CE-4EDE-A862-BE5B5F98C894}.Release|Any CPU.ActiveCfg = Release|Any CPU
		{88D7099F-09CE-4EDE-A862-BE5B5F98C894}.Release|Any CPU.Build.0 = Release|Any CPU
		{FC1DB78D-46DA-4CB3-A2A6-EA08D3DBBB98}.Debug|Any CPU.ActiveCfg = Debug|Any CPU
		{FC1DB78D-46DA-4CB3-A2A6-EA08D3DBBB98}.Debug|Any CPU.Build.0 = Debug|Any CPU
		{FC1DB78D-46DA-4CB3-A2A6-EA08D3DBBB98}.Release|Any CPU.ActiveCfg = Release|Any CPU
		{FC1DB78D-46DA-4CB3-A2A6-EA08D3DBBB98}.Release|Any CPU.Build.0 = Release|Any CPU
	EndGlobalSection
	GlobalSection(SolutionProperties) = preSolution
		HideSolutionNode = FALSE
	EndGlobalSection
	GlobalSection(ExtensibilityGlobals) = postSolution
		SolutionGuid = {C24B87BA-3B84-4F41-9818-B6BEDC908C75}
	EndGlobalSection
EndGlobal
